# This file is generated by running "yarn install" inside your project.
# Manual changes might be lost - proceed with caution!

__metadata:
  version: 6
  cacheKey: 8

"@bn-digital/cli@workspace:packages/cli":
  version: 0.0.0-use.local
  resolution: "@bn-digital/cli@workspace:packages/cli"
  dependencies:
    "@types/inquirer": ^8.2.6
    chalk: ^4.1.2
    commander: ^10.0.0
    inquirer: ^8.2.5
    typescript: ^5.0.2
  bin:
    bn: ./bin/bn.js
  languageName: unknown
  linkType: soft

"@bn-digital/prettier-config@npm:^2.3.7":
  version: 2.3.7
  resolution: "@bn-digital/prettier-config@npm:2.3.7"
  dependencies:
    "@prettier/plugin-pug": ^2.4.2
    "@prettier/plugin-xml": ^2.2.0
    prettier: ^2.8.7
    prettier-plugin-organize-imports: ^3.2.2
    prettier-plugin-prisma: ^4.12.0
  checksum: 253d5a3fa29f88afd0d68a298fc0d97c91d02577b09490059549265a87015460d66fb91e69dd0903b8524c33fc301749003fbcd0340d9abb9e90eb18b219d192
  languageName: node
  linkType: hard

"@bn-digital/sdk@workspace:packages/sdk":
  version: 0.0.0-use.local
  resolution: "@bn-digital/sdk@workspace:packages/sdk"
  dependencies:
    "@marker.io/browser": ^0.16.0
    "@sentry/browser": ^7.47.0
    "@sentry/react": ^7.47.0
    "@sentry/tracing": ^7.47.0
    "@sentry/utils": ^7.47.0
    typescript: ^5.0.4
    web-vitals: ^3.3.1
  languageName: unknown
  linkType: soft

"@bn-digital/typescript-config@npm:^1.3.1":
  version: 1.3.1
  resolution: "@bn-digital/typescript-config@npm:1.3.1"
  dependencies:
    "@strapi/typescript-utils": ^4.9.0
    "@tsconfig/next": ^1.0.5
    "@tsconfig/node18": ^1.0.1
    "@tsconfig/recommended": ^1.0.2
    "@tsconfig/vite-react": ^1.0.1
    ts-node: ^10.9.1
    typescript: ^5.0.3
  checksum: 7b7d8f768cb3adf58bcd3282dbb101d8adcb5adb468deb6f277a453409fbe9b916e8a9c4e9d372d380ba3198655ff166d3435435d2e633a0da4b12a6178a48a9
  languageName: node
  linkType: hard

"@colors/colors@npm:1.5.0":
  version: 1.5.0
  resolution: "@colors/colors@npm:1.5.0"
  checksum: d64d5260bed1d5012ae3fc617d38d1afc0329fec05342f4e6b838f46998855ba56e0a73833f4a80fa8378c84810da254f76a8a19c39d038260dc06dc4e007425
  languageName: node
  linkType: hard

"@cspotcode/source-map-support@npm:^0.8.0":
  version: 0.8.1
  resolution: "@cspotcode/source-map-support@npm:0.8.1"
  dependencies:
    "@jridgewell/trace-mapping": 0.3.9
  checksum: 5718f267085ed8edb3e7ef210137241775e607ee18b77d95aa5bd7514f47f5019aa2d82d96b3bf342ef7aa890a346fa1044532ff7cc3009e7d24fce3ce6200fa
  languageName: node
  linkType: hard

"@jridgewell/resolve-uri@npm:^3.0.3":
  version: 3.0.5
  resolution: "@jridgewell/resolve-uri@npm:3.0.5"
  checksum: 1ee652b693da7979ac4007926cc3f0a32b657ffeb913e111f44e5b67153d94a2f28a1d560101cc0cf8087625468293a69a00f634a2914e1a6d0817ba2039a913
  languageName: node
  linkType: hard

"@jridgewell/sourcemap-codec@npm:^1.4.10":
  version: 1.4.11
  resolution: "@jridgewell/sourcemap-codec@npm:1.4.11"
  checksum: 3b2afaf8400fb07a36db60e901fcce6a746cdec587310ee9035939d89878e57b2dec8173b0b8f63176f647efa352294049a53c49739098eb907ff81fec2547c8
  languageName: node
  linkType: hard

"@jridgewell/trace-mapping@npm:0.3.9":
  version: 0.3.9
  resolution: "@jridgewell/trace-mapping@npm:0.3.9"
  dependencies:
    "@jridgewell/resolve-uri": ^3.0.3
    "@jridgewell/sourcemap-codec": ^1.4.10
  checksum: d89597752fd88d3f3480845691a05a44bd21faac18e2185b6f436c3b0fd0c5a859fbbd9aaa92050c4052caf325ad3e10e2e1d1b64327517471b7d51babc0ddef
  languageName: node
  linkType: hard

"@marker.io/browser@npm:^0.16.0":
  version: 0.16.0
  resolution: "@marker.io/browser@npm:0.16.0"
  checksum: 29090f4849e8e7155e11cf596f1d987b674255104ce10305fe3f829904ab309e60525f2d2733a96fba66edd4e4b997fe55ad215a5eef2b5cd56accb3a648dabe
  languageName: node
  linkType: hard

"@prettier/plugin-pug@npm:^2.4.2":
  version: 2.4.2
  resolution: "@prettier/plugin-pug@npm:2.4.2"
  dependencies:
    pug-lexer: ^5.0.0
  peerDependencies:
    prettier: ^2.3.0
  checksum: abfc949b863ecf5e2e196a90319ed46aa3e1966bea136a232e09b98d44dc3738008dd8cd71183f941addc2ba6a236aa900c3ebbf4973398adf5e656a859433a0
  languageName: node
  linkType: hard

"@prettier/plugin-xml@npm:^2.2.0":
  version: 2.2.0
  resolution: "@prettier/plugin-xml@npm:2.2.0"
  dependencies:
    "@xml-tools/parser": ^1.0.11
    prettier: ">=2.4.0"
  checksum: 480fb67fe711463ab6b5678ce996486873b4d6440c31338af3f8dd5054c7ae9539dd81621637c85eed904727cfe17b7213e717d451df2fee56c8c50251f6bb69
  languageName: node
  linkType: hard

"@prisma/prisma-fmt-wasm@npm:4.12.0-67.659ef412370fa3b41cd7bf6e94587c1dfb7f67e7":
  version: 4.12.0-67.659ef412370fa3b41cd7bf6e94587c1dfb7f67e7
  resolution: "@prisma/prisma-fmt-wasm@npm:4.12.0-67.659ef412370fa3b41cd7bf6e94587c1dfb7f67e7"
  checksum: 8afdf29fcab2313a0952c2c2931e67ded5f60c50d4b4da80c2858f99ae97c95fd8f781e0c96eb99d34c9a0b5b68796b658b873ee9bbb515e8d81afa1490829f8
  languageName: node
  linkType: hard

"@sentry-internal/tracing@npm:7.47.0":
  version: 7.47.0
  resolution: "@sentry-internal/tracing@npm:7.47.0"
  dependencies:
    "@sentry/core": 7.47.0
    "@sentry/types": 7.47.0
    "@sentry/utils": 7.47.0
    tslib: ^1.9.3
  checksum: 46cb6cdd5b64841acd7b38cdde156e15dcf2c225ccd36219ea5796b7ebad34a3c0db1f4c7545e1fec1a1e5897d4368003b1101845404bcd1c27a21c09784cbd3
  languageName: node
  linkType: hard

"@sentry/browser@npm:7.47.0, @sentry/browser@npm:^7.47.0":
  version: 7.47.0
  resolution: "@sentry/browser@npm:7.47.0"
  dependencies:
    "@sentry-internal/tracing": 7.47.0
    "@sentry/core": 7.47.0
    "@sentry/replay": 7.47.0
    "@sentry/types": 7.47.0
    "@sentry/utils": 7.47.0
    tslib: ^1.9.3
  checksum: fdceac3a68195b4fcc58ab9d7907009cb73350646314100853ed56f4f2f6e00b2916c35037ea055c3d583accdf2356ed0690b59bf63038043b85e737a38382dc
  languageName: node
  linkType: hard

"@sentry/core@npm:7.47.0":
  version: 7.47.0
  resolution: "@sentry/core@npm:7.47.0"
  dependencies:
    "@sentry/types": 7.47.0
    "@sentry/utils": 7.47.0
    tslib: ^1.9.3
  checksum: 1cfd41020e5707c7e142dbb7c99118a264bcc5fa64fc06f1e51d8c6166dea0a50fd5896ce5287a4805d088257dc3757cc53ab4f5092166cd759ffeeea1cd8d2e
  languageName: node
  linkType: hard

"@sentry/react@npm:^7.47.0":
  version: 7.47.0
  resolution: "@sentry/react@npm:7.47.0"
  dependencies:
    "@sentry/browser": 7.47.0
    "@sentry/types": 7.47.0
    "@sentry/utils": 7.47.0
    hoist-non-react-statics: ^3.3.2
    tslib: ^1.9.3
  peerDependencies:
    react: 15.x || 16.x || 17.x || 18.x
  checksum: 7e42c91c48cf84e36d20433a1b28bf03c801ebed67ccd18e40de279c3a800e8f0818b4af9b9f40471070636a0aa1f58a77610383908f780e0b98efe8eb6c6ebd
  languageName: node
  linkType: hard

"@sentry/replay@npm:7.47.0":
  version: 7.47.0
  resolution: "@sentry/replay@npm:7.47.0"
  dependencies:
    "@sentry/core": 7.47.0
    "@sentry/types": 7.47.0
    "@sentry/utils": 7.47.0
  checksum: e4f69a6b698bd38eda4bd16275987d69948ded1dc34253eb804e3b6d09be675fa3c0fcfb85fbfef02c2e863eb80b7148da18b0dd1a7dadaab4353a315733e931
  languageName: node
  linkType: hard

"@sentry/tracing@npm:^7.47.0":
  version: 7.47.0
  resolution: "@sentry/tracing@npm:7.47.0"
  dependencies:
    "@sentry-internal/tracing": 7.47.0
  checksum: dd21b1399811b02f759cb71b39899372ba118934f922f0db75f8e295cf2e81c9b3d7e3cb8cd9f06ed42b86d933610fac9032db37b999146116a9decaaa21ca8d
  languageName: node
  linkType: hard

"@sentry/types@npm:7.47.0":
  version: 7.47.0
  resolution: "@sentry/types@npm:7.47.0"
  checksum: 42f1f58bebb2689d609ebc614a04462cb15f749d304dcadc2c93b851ecb88a20d59853b01f22b91f37c7cfb41ed7d0992843043ada7a7592ea1043191092e350
  languageName: node
  linkType: hard

"@sentry/utils@npm:7.47.0, @sentry/utils@npm:^7.47.0":
  version: 7.47.0
  resolution: "@sentry/utils@npm:7.47.0"
  dependencies:
    "@sentry/types": 7.47.0
    tslib: ^1.9.3
  checksum: d37d6299ef28c7ce32b1af7644f59ab5a5fd7a8155e97b3758c87d11a4b2cb406d4e3d2b260afcd200dadef99582f92b08ef6b89543f11611d2e034b3940d7b3
  languageName: node
  linkType: hard

"@strapi/typescript-utils@npm:^4.9.0":
  version: 4.9.0
  resolution: "@strapi/typescript-utils@npm:4.9.0"
  dependencies:
    chalk: 4.1.2
    cli-table3: 0.6.2
    fs-extra: 10.0.1
    lodash: 4.17.21
    prettier: 2.8.4
    typescript: 4.6.2
  checksum: 060fd203a7892e943d5e32321930f5814eb4de964f61616eb1a53812a98aed967df1d5153e1480e09f95452984f51ad6278ba4057ccd8cd3e3351aefb7609660
  languageName: node
  linkType: hard

"@tsconfig/next@npm:^1.0.5":
  version: 1.0.5
  resolution: "@tsconfig/next@npm:1.0.5"
  checksum: cbbde84bf0c40bcc1cc39317c6483745f4ebb85a44c819c9e31b9d8304c856b09b7254fde572f079b710cbf951b621baa52ae71a62008385732db73ce5219524
  languageName: node
  linkType: hard

"@tsconfig/node10@npm:^1.0.7":
  version: 1.0.8
  resolution: "@tsconfig/node10@npm:1.0.8"
  checksum: b8d5fffbc6b17ef64ef74f7fdbccee02a809a063ade785c3648dae59406bc207f70ea2c4296f92749b33019fa36a5ae716e42e49cc7f1bbf0fd147be0d6b970a
  languageName: node
  linkType: hard

"@tsconfig/node12@npm:^1.0.7":
  version: 1.0.9
  resolution: "@tsconfig/node12@npm:1.0.9"
  checksum: a01b2400ab3582b86b589c6d31dcd0c0656f333adecde85d6d7d4086adb059808b82692380bb169546d189bf771ae21d02544a75b57bd6da4a5dd95f8567bec9
  languageName: node
  linkType: hard

"@tsconfig/node14@npm:^1.0.0":
  version: 1.0.1
  resolution: "@tsconfig/node14@npm:1.0.1"
  checksum: 976345e896c0f059867f94f8d0f6ddb8b1844fb62bf36b727de8a9a68f024857e5db97ed51d3325e23e0616a5e48c034ff51a8d595b3fe7e955f3587540489be
  languageName: node
  linkType: hard

"@tsconfig/node16@npm:^1.0.2":
  version: 1.0.2
  resolution: "@tsconfig/node16@npm:1.0.2"
  checksum: ca94d3639714672bbfd55f03521d3f56bb6a25479bd425da81faf21f13e1e9d15f40f97377dedbbf477a5841c5b0c8f4cd1b391f33553d750b9202c54c2c07aa
  languageName: node
  linkType: hard

"@tsconfig/node18@npm:^1.0.1":
  version: 1.0.1
  resolution: "@tsconfig/node18@npm:1.0.1"
  checksum: aba11b453e40b03a33321e5b2bd51ba2d5213503bb95f1ecd56a5dd0be31eef1ab9ddfe06b4eae99075692641de905d57a38d671a9288bacac82327d393de1e2
  languageName: node
  linkType: hard

"@tsconfig/recommended@npm:^1.0.2":
  version: 1.0.2
  resolution: "@tsconfig/recommended@npm:1.0.2"
  checksum: 8dab26157fc9748ff2d090b95f4dbe2aeb592dbdcf90f373f712da5ac54ff24f66193e7ee68fdc45880e7f767cfeb339ef3e9970ca59608ef93225db047f0d16
  languageName: node
  linkType: hard

"@tsconfig/vite-react@npm:^1.0.1":
  version: 1.0.1
  resolution: "@tsconfig/vite-react@npm:1.0.1"
  checksum: 2d343c07e73b612887d86c0ec6db35fa228ec3e3c237007390de17ba9e69c0e3cd6a1837debd6928988f9abad4cf9da023825ee85c07b51ae2440b95372d945a
  languageName: node
  linkType: hard

"@types/inquirer@npm:^8.2.6":
  version: 8.2.6
  resolution: "@types/inquirer@npm:8.2.6"
  dependencies:
    "@types/through": "*"
    rxjs: ^7.2.0
  checksum: d09c3b6bbfb1aff8bdb8fc938d43536be55dfb51af0c91d0105e3f7c5e3950c12618ac00e2e91f10b5abeba38f4b903289be1df5aa31f213b58c3cc675a19f81
  languageName: node
  linkType: hard

"@types/node@npm:*":
  version: 17.0.10
  resolution: "@types/node@npm:17.0.10"
  checksum: 979e83d642a2b4f18fa1a4233f884822c05abc7acd0836024aa964187f8446432b21f7913e72fe2b3927c4a811c27a0b6cd60ac7c4ac6a6762cfbab70782aa6a
  languageName: node
  linkType: hard

"@types/node@npm:^18.15.11":
  version: 18.15.11
  resolution: "@types/node@npm:18.15.11"
  checksum: 977b4ad04708897ff0eb049ecf82246d210939c82461922d20f7d2dcfd81bbc661582ba3af28869210f7e8b1934529dcd46bff7d448551400f9d48b9d3bddec3
  languageName: node
  linkType: hard

"@types/through@npm:*":
  version: 0.0.30
  resolution: "@types/through@npm:0.0.30"
  dependencies:
    "@types/node": "*"
  checksum: 9578470db0b527c26e246a1220ae9bffc6bf47f20f89c54aac467c083ab1f7e16c00d9a7b4bb6cb4e2dfae465027270827e5908a6236063f6214625e50585d78
  languageName: node
  linkType: hard

"@xml-tools/parser@npm:^1.0.11":
  version: 1.0.11
  resolution: "@xml-tools/parser@npm:1.0.11"
  dependencies:
    chevrotain: 7.1.1
  checksum: 79f32386ef935c1ba65d421e36b556fb14593c7b7e5ca99160ec8ec6dba912a00be6c32d0ab8bad35f82cb5640c05f1a8cfd1d227d563aed20ecc57d678ceab2
  languageName: node
  linkType: hard

"acorn-walk@npm:^8.1.1":
  version: 8.2.0
  resolution: "acorn-walk@npm:8.2.0"
  checksum: 1715e76c01dd7b2d4ca472f9c58968516a4899378a63ad5b6c2d668bba8da21a71976c14ec5f5b75f887b6317c4ae0b897ab141c831d741dc76024d8745f1ad1
  languageName: node
  linkType: hard

"acorn@npm:^7.1.1":
  version: 7.4.1
  resolution: "acorn@npm:7.4.1"
  bin:
    acorn: bin/acorn
  checksum: 1860f23c2107c910c6177b7b7be71be350db9e1080d814493fae143ae37605189504152d1ba8743ba3178d0b37269ce1ffc42b101547fdc1827078f82671e407
  languageName: node
  linkType: hard

"acorn@npm:^8.4.1":
  version: 8.7.0
  resolution: "acorn@npm:8.7.0"
  bin:
    acorn: bin/acorn
  checksum: e0f79409d68923fbf1aa6d4166f3eedc47955320d25c89a20cc822e6ba7c48c5963d5bc657bc242d68f7a4ac9faf96eef033e8f73656da6c640d4219935fdfd0
  languageName: node
  linkType: hard

"ansi-escapes@npm:^4.2.1":
  version: 4.3.2
  resolution: "ansi-escapes@npm:4.3.2"
  dependencies:
    type-fest: ^0.21.3
  checksum: 93111c42189c0a6bed9cdb4d7f2829548e943827ee8479c74d6e0b22ee127b2a21d3f8b5ca57723b8ef78ce011fbfc2784350eb2bde3ccfccf2f575fa8489815
  languageName: node
  linkType: hard

"ansi-regex@npm:^5.0.1":
  version: 5.0.1
  resolution: "ansi-regex@npm:5.0.1"
  checksum: 2aa4bb54caf2d622f1afdad09441695af2a83aa3fe8b8afa581d205e57ed4261c183c4d3877cee25794443fde5876417d859c108078ab788d6af7e4fe52eb66b
  languageName: node
  linkType: hard

"ansi-styles@npm:^4.0.0, ansi-styles@npm:^4.1.0":
  version: 4.3.0
  resolution: "ansi-styles@npm:4.3.0"
  dependencies:
    color-convert: ^2.0.1
  checksum: 513b44c3b2105dd14cc42a19271e80f386466c4be574bccf60b627432f9198571ebf4ab1e4c3ba17347658f4ee1711c163d574248c0c1cdc2d5917a0ad582ec4
  languageName: node
  linkType: hard

"arg@npm:^4.1.0":
  version: 4.1.3
  resolution: "arg@npm:4.1.3"
  checksum: 544af8dd3f60546d3e4aff084d451b96961d2267d668670199692f8d054f0415d86fc5497d0e641e91546f0aa920e7c29e5250e99fc89f5552a34b5d93b77f43
  languageName: node
  linkType: hard

"base64-js@npm:^1.3.1":
  version: 1.5.1
  resolution: "base64-js@npm:1.5.1"
  checksum: 669632eb3745404c2f822a18fc3a0122d2f9a7a13f7fb8b5823ee19d1d2ff9ee5b52c53367176ea4ad093c332fd5ab4bd0ebae5a8e27917a4105a4cfc86b1005
  languageName: node
  linkType: hard

"bl@npm:^4.1.0":
  version: 4.1.0
  resolution: "bl@npm:4.1.0"
  dependencies:
    buffer: ^5.5.0
    inherits: ^2.0.4
    readable-stream: ^3.4.0
  checksum: 9e8521fa7e83aa9427c6f8ccdcba6e8167ef30cc9a22df26effcc5ab682ef91d2cbc23a239f945d099289e4bbcfae7a192e9c28c84c6202e710a0dfec3722662
  languageName: node
  linkType: hard

"bn-digital@workspace:.":
  version: 0.0.0-use.local
  resolution: "bn-digital@workspace:."
  dependencies:
    "@bn-digital/prettier-config": ^2.3.7
    "@bn-digital/typescript-config": ^1.3.1
    "@types/node": ^18.15.11
  peerDependenciesMeta:
    "@types/node":
      optional: false
  languageName: unknown
  linkType: soft

"buffer@npm:^5.5.0":
  version: 5.7.1
  resolution: "buffer@npm:5.7.1"
  dependencies:
    base64-js: ^1.3.1
    ieee754: ^1.1.13
  checksum: e2cf8429e1c4c7b8cbd30834ac09bd61da46ce35f5c22a78e6c2f04497d6d25541b16881e30a019c6fd3154150650ccee27a308eff3e26229d788bbdeb08ab84
  languageName: node
  linkType: hard

"call-bind@npm:^1.0.2":
  version: 1.0.2
  resolution: "call-bind@npm:1.0.2"
  dependencies:
    function-bind: ^1.1.1
    get-intrinsic: ^1.0.2
  checksum: f8e31de9d19988a4b80f3e704788c4a2d6b6f3d17cfec4f57dc29ced450c53a49270dc66bf0fbd693329ee948dd33e6c90a329519aef17474a4d961e8d6426b0
  languageName: node
  linkType: hard

"chalk@npm:4.1.2, chalk@npm:^4.1.0, chalk@npm:^4.1.1, chalk@npm:^4.1.2":
  version: 4.1.2
  resolution: "chalk@npm:4.1.2"
  dependencies:
    ansi-styles: ^4.1.0
    supports-color: ^7.1.0
  checksum: fe75c9d5c76a7a98d45495b91b2172fa3b7a09e0cc9370e5c8feb1c567b85c4288e2b3fded7cfdd7359ac28d6b3844feb8b82b8686842e93d23c827c417e83fc
  languageName: node
  linkType: hard

"character-parser@npm:^2.2.0":
  version: 2.2.0
  resolution: "character-parser@npm:2.2.0"
  dependencies:
    is-regex: ^1.0.3
  checksum: 71826fae509d4dc3ef07c2e824da9c8853f910ba0d8fe699edaab263051fd3b8db77bb96e46ed896bb36ed1d86108e6d6ceedff436bec7786ba7f0b585a0bc93
  languageName: node
  linkType: hard

"chardet@npm:^0.7.0":
  version: 0.7.0
  resolution: "chardet@npm:0.7.0"
  checksum: 6fd5da1f5d18ff5712c1e0aed41da200d7c51c28f11b36ee3c7b483f3696dabc08927fc6b227735eb8f0e1215c9a8abd8154637f3eff8cada5959df7f58b024d
  languageName: node
  linkType: hard

"chevrotain@npm:7.1.1":
  version: 7.1.1
  resolution: "chevrotain@npm:7.1.1"
  dependencies:
    regexp-to-ast: 0.5.0
  checksum: 3ba268b745b89674712930f5d5b212f0bae6218309a05e1f89301384a9a2e8482429c83b9c52f38e536c38bb1940a53c2c0e6149e15277ea6bc6a1307528474d
  languageName: node
  linkType: hard

"cli-cursor@npm:^3.1.0":
  version: 3.1.0
  resolution: "cli-cursor@npm:3.1.0"
  dependencies:
    restore-cursor: ^3.1.0
  checksum: 2692784c6cd2fd85cfdbd11f53aea73a463a6d64a77c3e098b2b4697a20443f430c220629e1ca3b195ea5ac4a97a74c2ee411f3807abf6df2b66211fec0c0a29
  languageName: node
  linkType: hard

"cli-spinners@npm:^2.5.0":
  version: 2.8.0
  resolution: "cli-spinners@npm:2.8.0"
  checksum: 42bc69127706144b83b25da27e0719bdd8294efe43018e1736928a8f78a26e8d2b4dcd39af4a6401526ca647e99e302ad2b29bf19e67d1db403b977aca6abeb7
  languageName: node
  linkType: hard

"cli-table3@npm:0.6.2":
  version: 0.6.2
  resolution: "cli-table3@npm:0.6.2"
  dependencies:
    "@colors/colors": 1.5.0
    string-width: ^4.2.0
  dependenciesMeta:
    "@colors/colors":
      optional: true
  checksum: 2f82391698b8a2a2a5e45d2adcfea5d93e557207f90455a8d4c1aac688e9b18a204d9eb4ba1d322fa123b17d64ea3dc5e11de8b005529f3c3e7dbeb27cb4d9be
  languageName: node
  linkType: hard

"cli-width@npm:^3.0.0":
  version: 3.0.0
  resolution: "cli-width@npm:3.0.0"
  checksum: 4c94af3769367a70e11ed69aa6095f1c600c0ff510f3921ab4045af961820d57c0233acfa8b6396037391f31b4c397e1f614d234294f979ff61430a6c166c3f6
  languageName: node
  linkType: hard

"clone@npm:^1.0.2":
  version: 1.0.4
  resolution: "clone@npm:1.0.4"
  checksum: d06418b7335897209e77bdd430d04f882189582e67bd1f75a04565f3f07f5b3f119a9d670c943b6697d0afb100f03b866b3b8a1f91d4d02d72c4ecf2bb64b5dd
  languageName: node
  linkType: hard

"color-convert@npm:^2.0.1":
  version: 2.0.1
  resolution: "color-convert@npm:2.0.1"
  dependencies:
    color-name: ~1.1.4
  checksum: 79e6bdb9fd479a205c71d89574fccfb22bd9053bd98c6c4d870d65c132e5e904e6034978e55b43d69fcaa7433af2016ee203ce76eeba9cfa554b373e7f7db336
  languageName: node
  linkType: hard

"color-name@npm:~1.1.4":
  version: 1.1.4
  resolution: "color-name@npm:1.1.4"
  checksum: b0445859521eb4021cd0fb0cc1a75cecf67fceecae89b63f62b201cca8d345baf8b952c966862a9d9a2632987d4f6581f0ec8d957dfacece86f0a7919316f610
  languageName: node
  linkType: hard

"commander@npm:^10.0.0":
  version: 10.0.0
  resolution: "commander@npm:10.0.0"
  checksum: 9f6495651f878213005ac744dd87a85fa3d9f2b8b90d1c19d0866d666bda7f735adfd7c2f10dfff345782e2f80ea258f98bb4efcef58e4e502f25f883940acfd
  languageName: node
  linkType: hard

"create-require@npm:^1.1.0":
  version: 1.1.1
  resolution: "create-require@npm:1.1.1"
  checksum: a9a1503d4390d8b59ad86f4607de7870b39cad43d929813599a23714831e81c520bddf61bcdd1f8e30f05fd3a2b71ae8538e946eb2786dc65c2bbc520f692eff
  languageName: node
  linkType: hard

"defaults@npm:^1.0.3":
  version: 1.0.4
  resolution: "defaults@npm:1.0.4"
  dependencies:
    clone: ^1.0.2
  checksum: 3a88b7a587fc076b84e60affad8b85245c01f60f38fc1d259e7ac1d89eb9ce6abb19e27215de46b98568dd5bc48471730b327637e6f20b0f1bc85cf00440c80a
  languageName: node
  linkType: hard

"diff@npm:^4.0.1":
  version: 4.0.2
  resolution: "diff@npm:4.0.2"
  checksum: f2c09b0ce4e6b301c221addd83bf3f454c0bc00caa3dd837cf6c127d6edf7223aa2bbe3b688feea110b7f262adbfc845b757c44c8a9f8c0c5b15d8fa9ce9d20d
  languageName: node
  linkType: hard

"emoji-regex@npm:^8.0.0":
  version: 8.0.0
  resolution: "emoji-regex@npm:8.0.0"
  checksum: d4c5c39d5a9868b5fa152f00cada8a936868fd3367f33f71be515ecee4c803132d11b31a6222b2571b1e5f7e13890156a94880345594d0ce7e3c9895f560f192
  languageName: node
  linkType: hard

"escape-string-regexp@npm:^1.0.5":
  version: 1.0.5
  resolution: "escape-string-regexp@npm:1.0.5"
  checksum: 6092fda75c63b110c706b6a9bfde8a612ad595b628f0bd2147eea1d3406723020810e591effc7db1da91d80a71a737a313567c5abb3813e8d9c71f4aa595b410
  languageName: node
  linkType: hard

"external-editor@npm:^3.0.3":
  version: 3.1.0
  resolution: "external-editor@npm:3.1.0"
  dependencies:
    chardet: ^0.7.0
    iconv-lite: ^0.4.24
    tmp: ^0.0.33
  checksum: 1c2a616a73f1b3435ce04030261bed0e22d4737e14b090bb48e58865da92529c9f2b05b893de650738d55e692d071819b45e1669259b2b354bc3154d27a698c7
  languageName: node
  linkType: hard

"figures@npm:^3.0.0":
  version: 3.2.0
  resolution: "figures@npm:3.2.0"
  dependencies:
    escape-string-regexp: ^1.0.5
  checksum: 85a6ad29e9aca80b49b817e7c89ecc4716ff14e3779d9835af554db91bac41c0f289c418923519392a1e582b4d10482ad282021330cd045bb7b80c84152f2a2b
  languageName: node
  linkType: hard

"fs-extra@npm:10.0.1":
  version: 10.0.1
  resolution: "fs-extra@npm:10.0.1"
  dependencies:
    graceful-fs: ^4.2.0
    jsonfile: ^6.0.1
    universalify: ^2.0.0
  checksum: c1faaa5eb9e1c5c7c7ff09f966e93922ecb068ae1b04801cfc983ef05fcc1f66bfbb8d8d0b745c910014c7a2e7317fb6cf3bfe7390450c1157e3cc1a218f221d
  languageName: node
  linkType: hard

"function-bind@npm:^1.1.1":
  version: 1.1.1
  resolution: "function-bind@npm:1.1.1"
  checksum: b32fbaebb3f8ec4969f033073b43f5c8befbb58f1a79e12f1d7490358150359ebd92f49e72ff0144f65f2c48ea2a605bff2d07965f548f6474fd8efd95bf361a
  languageName: node
  linkType: hard

"get-intrinsic@npm:^1.0.2":
  version: 1.1.1
  resolution: "get-intrinsic@npm:1.1.1"
  dependencies:
    function-bind: ^1.1.1
    has: ^1.0.3
    has-symbols: ^1.0.1
  checksum: a9fe2ca8fa3f07f9b0d30fb202bcd01f3d9b9b6b732452e79c48e79f7d6d8d003af3f9e38514250e3553fdc83c61650851cb6870832ac89deaaceb08e3721a17
  languageName: node
  linkType: hard

"graceful-fs@npm:^4.1.6, graceful-fs@npm:^4.2.0":
  version: 4.2.9
  resolution: "graceful-fs@npm:4.2.9"
  checksum: 68ea4e07ff2c041ada184f9278b830375f8e0b75154e3f080af6b70f66172fabb4108d19b3863a96b53fc068a310b9b6493d86d1291acc5f3861eb4b79d26ad6
  languageName: node
  linkType: hard

"has-flag@npm:^4.0.0":
  version: 4.0.0
  resolution: "has-flag@npm:4.0.0"
  checksum: 261a1357037ead75e338156b1f9452c016a37dcd3283a972a30d9e4a87441ba372c8b81f818cd0fbcd9c0354b4ae7e18b9e1afa1971164aef6d18c2b6095a8ad
  languageName: node
  linkType: hard

"has-symbols@npm:^1.0.1, has-symbols@npm:^1.0.2":
  version: 1.0.2
  resolution: "has-symbols@npm:1.0.2"
  checksum: 2309c426071731be792b5be43b3da6fb4ed7cbe8a9a6bcfca1862587709f01b33d575ce8f5c264c1eaad09fca2f9a8208c0a2be156232629daa2dd0c0740976b
  languageName: node
  linkType: hard

"has-tostringtag@npm:^1.0.0":
  version: 1.0.0
  resolution: "has-tostringtag@npm:1.0.0"
  dependencies:
    has-symbols: ^1.0.2
  checksum: cc12eb28cb6ae22369ebaad3a8ab0799ed61270991be88f208d508076a1e99abe4198c965935ce85ea90b60c94ddda73693b0920b58e7ead048b4a391b502c1c
  languageName: node
  linkType: hard

"has@npm:^1.0.3":
  version: 1.0.3
  resolution: "has@npm:1.0.3"
  dependencies:
    function-bind: ^1.1.1
  checksum: b9ad53d53be4af90ce5d1c38331e712522417d017d5ef1ebd0507e07c2fbad8686fffb8e12ddecd4c39ca9b9b47431afbb975b8abf7f3c3b82c98e9aad052792
  languageName: node
  linkType: hard

"hoist-non-react-statics@npm:^3.3.2":
  version: 3.3.2
  resolution: "hoist-non-react-statics@npm:3.3.2"
  dependencies:
    react-is: ^16.7.0
  checksum: b1538270429b13901ee586aa44f4cc3ecd8831c061d06cb8322e50ea17b3f5ce4d0e2e66394761e6c8e152cd8c34fb3b4b690116c6ce2bd45b18c746516cb9e8
  languageName: node
  linkType: hard

"iconv-lite@npm:^0.4.24":
  version: 0.4.24
  resolution: "iconv-lite@npm:0.4.24"
  dependencies:
    safer-buffer: ">= 2.1.2 < 3"
  checksum: bd9f120f5a5b306f0bc0b9ae1edeb1577161503f5f8252a20f1a9e56ef8775c9959fd01c55f2d3a39d9a8abaf3e30c1abeb1895f367dcbbe0a8fd1c9ca01c4f6
  languageName: node
  linkType: hard

"ieee754@npm:^1.1.13":
  version: 1.2.1
  resolution: "ieee754@npm:1.2.1"
  checksum: 5144c0c9815e54ada181d80a0b810221a253562422e7c6c3a60b1901154184f49326ec239d618c416c1c5945a2e197107aee8d986a3dd836b53dffefd99b5e7e
  languageName: node
  linkType: hard

"inherits@npm:^2.0.3, inherits@npm:^2.0.4":
  version: 2.0.4
  resolution: "inherits@npm:2.0.4"
  checksum: 4a48a733847879d6cf6691860a6b1e3f0f4754176e4d71494c41f3475553768b10f84b5ce1d40fbd0e34e6bfbb864ee35858ad4dd2cf31e02fc4a154b724d7f1
  languageName: node
  linkType: hard

"inquirer@npm:^8.2.5":
  version: 8.2.5
  resolution: "inquirer@npm:8.2.5"
  dependencies:
    ansi-escapes: ^4.2.1
    chalk: ^4.1.1
    cli-cursor: ^3.1.0
    cli-width: ^3.0.0
    external-editor: ^3.0.3
    figures: ^3.0.0
    lodash: ^4.17.21
    mute-stream: 0.0.8
    ora: ^5.4.1
    run-async: ^2.4.0
    rxjs: ^7.5.5
    string-width: ^4.1.0
    strip-ansi: ^6.0.0
    through: ^2.3.6
    wrap-ansi: ^7.0.0
  checksum: f13ee4c444187786fb393609dedf6b30870115a57b603f2e6424f29a99abc13446fd45ee22461c33c9c40a92a60a8df62d0d6b25d74fc6676fa4cb211de55b55
  languageName: node
  linkType: hard

"is-expression@npm:^4.0.0":
  version: 4.0.0
  resolution: "is-expression@npm:4.0.0"
  dependencies:
    acorn: ^7.1.1
    object-assign: ^4.1.1
  checksum: 0f01d0ff53fbbec36abae8fbb7ef056c6d024f7128646856a3e6c500b205788d3e0f337025e72df979d7d7cf4674a00370633d7f8974c668b2d3fdb7e8a83bdb
  languageName: node
  linkType: hard

"is-fullwidth-code-point@npm:^3.0.0":
  version: 3.0.0
  resolution: "is-fullwidth-code-point@npm:3.0.0"
  checksum: 44a30c29457c7fb8f00297bce733f0a64cd22eca270f83e58c105e0d015e45c019491a4ab2faef91ab51d4738c670daff901c799f6a700e27f7314029e99e348
  languageName: node
  linkType: hard

"is-interactive@npm:^1.0.0":
  version: 1.0.0
  resolution: "is-interactive@npm:1.0.0"
  checksum: 824808776e2d468b2916cdd6c16acacebce060d844c35ca6d82267da692e92c3a16fdba624c50b54a63f38bdc4016055b6f443ce57d7147240de4f8cdabaf6f9
  languageName: node
  linkType: hard

"is-regex@npm:^1.0.3":
  version: 1.1.4
  resolution: "is-regex@npm:1.1.4"
  dependencies:
    call-bind: ^1.0.2
    has-tostringtag: ^1.0.0
  checksum: 362399b33535bc8f386d96c45c9feb04cf7f8b41c182f54174c1a45c9abbbe5e31290bbad09a458583ff6bf3b2048672cdb1881b13289569a7c548370856a652
  languageName: node
  linkType: hard

"is-unicode-supported@npm:^0.1.0":
  version: 0.1.0
  resolution: "is-unicode-supported@npm:0.1.0"
  checksum: a2aab86ee7712f5c2f999180daaba5f361bdad1efadc9610ff5b8ab5495b86e4f627839d085c6530363c6d6d4ecbde340fb8e54bdb83da4ba8e0865ed5513c52
  languageName: node
  linkType: hard

"jsonfile@npm:^6.0.1":
  version: 6.1.0
  resolution: "jsonfile@npm:6.1.0"
  dependencies:
    graceful-fs: ^4.1.6
    universalify: ^2.0.0
  dependenciesMeta:
    graceful-fs:
      optional: true
  checksum: 7af3b8e1ac8fe7f1eccc6263c6ca14e1966fcbc74b618d3c78a0a2075579487547b94f72b7a1114e844a1e15bb00d440e5d1720bfc4612d790a6f285d5ea8354
  languageName: node
  linkType: hard

"lodash@npm:4.17.21, lodash@npm:^4.17.21":
  version: 4.17.21
  resolution: "lodash@npm:4.17.21"
  checksum: eb835a2e51d381e561e508ce932ea50a8e5a68f4ebdd771ea240d3048244a8d13658acbd502cd4829768c56f2e16bdd4340b9ea141297d472517b83868e677f7
  languageName: node
  linkType: hard

"log-symbols@npm:^4.1.0":
  version: 4.1.0
  resolution: "log-symbols@npm:4.1.0"
  dependencies:
    chalk: ^4.1.0
    is-unicode-supported: ^0.1.0
  checksum: fce1497b3135a0198803f9f07464165e9eb83ed02ceb2273930a6f8a508951178d8cf4f0378e9d28300a2ed2bc49050995d2bd5f53ab716bb15ac84d58c6ef74
  languageName: node
  linkType: hard

"make-error@npm:^1.1.1":
  version: 1.3.6
  resolution: "make-error@npm:1.3.6"
  checksum: b86e5e0e25f7f777b77fabd8e2cbf15737972869d852a22b7e73c17623928fccb826d8e46b9951501d3f20e51ad74ba8c59ed584f610526a48f8ccf88aaec402
  languageName: node
  linkType: hard

"mimic-fn@npm:^2.1.0":
  version: 2.1.0
  resolution: "mimic-fn@npm:2.1.0"
  checksum: d2421a3444848ce7f84bd49115ddacff29c15745db73f54041edc906c14b131a38d05298dae3081667627a59b2eb1ca4b436ff2e1b80f69679522410418b478a
  languageName: node
  linkType: hard

"mute-stream@npm:0.0.8":
  version: 0.0.8
  resolution: "mute-stream@npm:0.0.8"
  checksum: ff48d251fc3f827e5b1206cda0ffdaec885e56057ee86a3155e1951bc940fd5f33531774b1cc8414d7668c10a8907f863f6561875ee6e8768931a62121a531a1
  languageName: node
  linkType: hard

"object-assign@npm:^4.1.1":
  version: 4.1.1
  resolution: "object-assign@npm:4.1.1"
  checksum: fcc6e4ea8c7fe48abfbb552578b1c53e0d194086e2e6bbbf59e0a536381a292f39943c6e9628af05b5528aa5e3318bb30d6b2e53cadaf5b8fe9e12c4b69af23f
  languageName: node
  linkType: hard

"onetime@npm:^5.1.0":
  version: 5.1.2
  resolution: "onetime@npm:5.1.2"
  dependencies:
    mimic-fn: ^2.1.0
  checksum: 2478859ef817fc5d4e9c2f9e5728512ddd1dbc9fb7829ad263765bb6d3b91ce699d6e2332eef6b7dff183c2f490bd3349f1666427eaba4469fba0ac38dfd0d34
  languageName: node
  linkType: hard

"ora@npm:^5.4.1":
  version: 5.4.1
  resolution: "ora@npm:5.4.1"
  dependencies:
    bl: ^4.1.0
    chalk: ^4.1.0
    cli-cursor: ^3.1.0
    cli-spinners: ^2.5.0
    is-interactive: ^1.0.0
    is-unicode-supported: ^0.1.0
    log-symbols: ^4.1.0
    strip-ansi: ^6.0.0
    wcwidth: ^1.0.1
  checksum: 28d476ee6c1049d68368c0dc922e7225e3b5600c3ede88fade8052837f9ed342625fdaa84a6209302587c8ddd9b664f71f0759833cbdb3a4cf81344057e63c63
  languageName: node
  linkType: hard

"os-tmpdir@npm:~1.0.2":
  version: 1.0.2
  resolution: "os-tmpdir@npm:1.0.2"
  checksum: 5666560f7b9f10182548bf7013883265be33620b1c1b4a4d405c25be2636f970c5488ff3e6c48de75b55d02bde037249fe5dbfbb4c0fb7714953d56aed062e6d
  languageName: node
  linkType: hard

"prettier-plugin-organize-imports@npm:^3.2.2":
  version: 3.2.2
  resolution: "prettier-plugin-organize-imports@npm:3.2.2"
  peerDependencies:
    "@volar/vue-language-plugin-pug": ^1.0.4
    "@volar/vue-typescript": ^1.0.4
    prettier: ">=2.0"
    typescript: ">=2.9"
  peerDependenciesMeta:
    "@volar/vue-language-plugin-pug":
      optional: true
    "@volar/vue-typescript":
      optional: true
  checksum: 28620ea73a0a518c93200c7ea17d38a26132db3f55a75954983dff3422d4dd2155515518422b7a68935736aa333b0406a51778053bd30133a57718090272bb5d
  languageName: node
  linkType: hard

"prettier-plugin-prisma@npm:^4.12.0":
  version: 4.12.0
  resolution: "prettier-plugin-prisma@npm:4.12.0"
  dependencies:
    "@prisma/prisma-fmt-wasm": 4.12.0-67.659ef412370fa3b41cd7bf6e94587c1dfb7f67e7
  peerDependencies:
    prettier: ">=2"
  checksum: a2de4c217c96413811236dc38332f2996e103e4e7b431bec3df37c1467034aac67102006943a9397d70f132f67c92605ae474fd83727bf155e9f2e3a54b3116d
  languageName: node
  linkType: hard

"prettier@npm:2.8.4":
  version: 2.8.4
  resolution: "prettier@npm:2.8.4"
  bin:
    prettier: bin-prettier.js
  checksum: c173064bf3df57b6d93d19aa98753b9b9dd7657212e33b41ada8e2e9f9884066bb9ca0b4005b89b3ab137efffdf8fbe0b462785aba20364798ff4303aadda57e
  languageName: node
  linkType: hard

"prettier@npm:>=2.4.0, prettier@npm:^2.8.7":
  version: 2.8.7
  resolution: "prettier@npm:2.8.7"
  bin:
    prettier: bin-prettier.js
  checksum: fdc8f2616f099f5f0d685907f4449a70595a0fc1d081a88919604375989e0d5e9168d6121d8cc6861f21990b31665828e00472544d785d5940ea08a17660c3a6
  languageName: node
  linkType: hard

"pug-error@npm:^2.0.0":
  version: 2.0.0
  resolution: "pug-error@npm:2.0.0"
  checksum: c5372d018c897c1d6a141dd803c50957feecfda1f3d84a6adc6149801315d6c7f8c28b05f3e186d98d774fc9718699d1e1caa675630dd3c4453f8c5ec4e4a986
  languageName: node
  linkType: hard

"pug-lexer@npm:^5.0.0":
  version: 5.0.1
  resolution: "pug-lexer@npm:5.0.1"
  dependencies:
    character-parser: ^2.2.0
    is-expression: ^4.0.0
    pug-error: ^2.0.0
  checksum: afdd2f43f2c3ba96001a7b734c0c3bc745eb5d7dd68c787c2690c606d34573ca46ba807e4b4c7e70db9b4556fb938625dbb9c25b79cdb8857868e6deb2574d3e
  languageName: node
  linkType: hard

"react-is@npm:^16.7.0":
  version: 16.13.1
  resolution: "react-is@npm:16.13.1"
  checksum: f7a19ac3496de32ca9ae12aa030f00f14a3d45374f1ceca0af707c831b2a6098ef0d6bdae51bd437b0a306d7f01d4677fcc8de7c0d331eb47ad0f46130e53c5f
  languageName: node
  linkType: hard

"readable-stream@npm:^3.4.0":
  version: 3.6.0
  resolution: "readable-stream@npm:3.6.0"
  dependencies:
    inherits: ^2.0.3
    string_decoder: ^1.1.1
    util-deprecate: ^1.0.1
  checksum: d4ea81502d3799439bb955a3a5d1d808592cf3133350ed352aeaa499647858b27b1c4013984900238b0873ec8d0d8defce72469fb7a83e61d53f5ad61cb80dc8
  languageName: node
  linkType: hard

"regexp-to-ast@npm:0.5.0":
  version: 0.5.0
  resolution: "regexp-to-ast@npm:0.5.0"
  checksum: 72e32f2a1217bb22398ac30867ddd43e16943b6b569dd4eb472de47494c7a39e34f47ee3e92ad4cbf92308f98997da366fe094a0e58eb6b93eab0ee956fff86d
  languageName: node
  linkType: hard

"restore-cursor@npm:^3.1.0":
  version: 3.1.0
  resolution: "restore-cursor@npm:3.1.0"
  dependencies:
    onetime: ^5.1.0
    signal-exit: ^3.0.2
  checksum: f877dd8741796b909f2a82454ec111afb84eb45890eb49ac947d87991379406b3b83ff9673a46012fca0d7844bb989f45cc5b788254cf1a39b6b5a9659de0630
  languageName: node
  linkType: hard

"run-async@npm:^2.4.0":
  version: 2.4.1
  resolution: "run-async@npm:2.4.1"
  checksum: a2c88aa15df176f091a2878eb840e68d0bdee319d8d97bbb89112223259cebecb94bc0defd735662b83c2f7a30bed8cddb7d1674eb48ae7322dc602b22d03797
  languageName: node
  linkType: hard

"rxjs@npm:^7.2.0, rxjs@npm:^7.5.5":
  version: 7.8.0
  resolution: "rxjs@npm:7.8.0"
  dependencies:
    tslib: ^2.1.0
  checksum: 61b4d4fd323c1043d8d6ceb91f24183b28bcf5def4f01ca111511d5c6b66755bc5578587fe714ef5d67cf4c9f2e26f4490d4e1d8cabf9bd5967687835e9866a2
  languageName: node
  linkType: hard

"safe-buffer@npm:~5.2.0":
  version: 5.2.1
  resolution: "safe-buffer@npm:5.2.1"
  checksum: b99c4b41fdd67a6aaf280fcd05e9ffb0813654894223afb78a31f14a19ad220bba8aba1cb14eddce1fcfb037155fe6de4e861784eb434f7d11ed58d1e70dd491
  languageName: node
  linkType: hard

"safer-buffer@npm:>= 2.1.2 < 3":
  version: 2.1.2
  resolution: "safer-buffer@npm:2.1.2"
  checksum: cab8f25ae6f1434abee8d80023d7e72b598cf1327164ddab31003c51215526801e40b66c5e65d658a0af1e9d6478cadcb4c745f4bd6751f97d8644786c0978b0
  languageName: node
  linkType: hard

"signal-exit@npm:^3.0.2":
  version: 3.0.7
  resolution: "signal-exit@npm:3.0.7"
  checksum: a2f098f247adc367dffc27845853e9959b9e88b01cb301658cfe4194352d8d2bb32e18467c786a7fe15f1d44b233ea35633d076d5e737870b7139949d1ab6318
  languageName: node
  linkType: hard

"string-width@npm:^4.1.0, string-width@npm:^4.2.0":
  version: 4.2.3
  resolution: "string-width@npm:4.2.3"
  dependencies:
    emoji-regex: ^8.0.0
    is-fullwidth-code-point: ^3.0.0
    strip-ansi: ^6.0.1
  checksum: e52c10dc3fbfcd6c3a15f159f54a90024241d0f149cf8aed2982a2d801d2e64df0bf1dc351cf8e95c3319323f9f220c16e740b06faecd53e2462df1d2b5443fb
  languageName: node
  linkType: hard

"string_decoder@npm:^1.1.1":
  version: 1.3.0
  resolution: "string_decoder@npm:1.3.0"
  dependencies:
    safe-buffer: ~5.2.0
  checksum: 8417646695a66e73aefc4420eb3b84cc9ffd89572861fe004e6aeb13c7bc00e2f616247505d2dbbef24247c372f70268f594af7126f43548565c68c117bdeb56
  languageName: node
  linkType: hard

"strip-ansi@npm:^6.0.0, strip-ansi@npm:^6.0.1":
  version: 6.0.1
  resolution: "strip-ansi@npm:6.0.1"
  dependencies:
    ansi-regex: ^5.0.1
  checksum: f3cd25890aef3ba6e1a74e20896c21a46f482e93df4a06567cebf2b57edabb15133f1f94e57434e0a958d61186087b1008e89c94875d019910a213181a14fc8c
  languageName: node
  linkType: hard

"supports-color@npm:^7.1.0":
  version: 7.2.0
  resolution: "supports-color@npm:7.2.0"
  dependencies:
    has-flag: ^4.0.0
  checksum: 3dda818de06ebbe5b9653e07842d9479f3555ebc77e9a0280caf5a14fb877ffee9ed57007c3b78f5a6324b8dbeec648d9e97a24e2ed9fdb81ddc69ea07100f4a
  languageName: node
  linkType: hard

"through@npm:^2.3.6":
  version: 2.3.8
  resolution: "through@npm:2.3.8"
  checksum: a38c3e059853c494af95d50c072b83f8b676a9ba2818dcc5b108ef252230735c54e0185437618596c790bbba8fcdaef5b290405981ffa09dce67b1f1bf190cbd
  languageName: node
  linkType: hard

"tmp@npm:^0.0.33":
  version: 0.0.33
  resolution: "tmp@npm:0.0.33"
  dependencies:
    os-tmpdir: ~1.0.2
  checksum: 902d7aceb74453ea02abbf58c203f4a8fc1cead89b60b31e354f74ed5b3fb09ea817f94fb310f884a5d16987dd9fa5a735412a7c2dd088dd3d415aa819ae3a28
  languageName: node
  linkType: hard

"ts-node@npm:^10.9.1":
  version: 10.9.1
  resolution: "ts-node@npm:10.9.1"
  dependencies:
    "@cspotcode/source-map-support": ^0.8.0
    "@tsconfig/node10": ^1.0.7
    "@tsconfig/node12": ^1.0.7
    "@tsconfig/node14": ^1.0.0
    "@tsconfig/node16": ^1.0.2
    acorn: ^8.4.1
    acorn-walk: ^8.1.1
    arg: ^4.1.0
    create-require: ^1.1.0
    diff: ^4.0.1
    make-error: ^1.1.1
    v8-compile-cache-lib: ^3.0.1
    yn: 3.1.1
  peerDependencies:
    "@swc/core": ">=1.2.50"
    "@swc/wasm": ">=1.2.50"
    "@types/node": "*"
    typescript: ">=2.7"
  peerDependenciesMeta:
    "@swc/core":
      optional: true
    "@swc/wasm":
      optional: true
  bin:
    ts-node: dist/bin.js
    ts-node-cwd: dist/bin-cwd.js
    ts-node-esm: dist/bin-esm.js
    ts-node-script: dist/bin-script.js
    ts-node-transpile-only: dist/bin-transpile.js
    ts-script: dist/bin-script-deprecated.js
  checksum: 090adff1302ab20bd3486e6b4799e90f97726ed39e02b39e566f8ab674fd5bd5f727f43615debbfc580d33c6d9d1c6b1b3ce7d8e3cca3e20530a145ffa232c35
  languageName: node
  linkType: hard

"tslib@npm:^1.9.3":
  version: 1.14.1
  resolution: "tslib@npm:1.14.1"
  checksum: dbe628ef87f66691d5d2959b3e41b9ca0045c3ee3c7c7b906cc1e328b39f199bb1ad9e671c39025bd56122ac57dfbf7385a94843b1cc07c60a4db74795829acd
  languageName: node
  linkType: hard

"tslib@npm:^2.1.0":
  version: 2.3.1
  resolution: "tslib@npm:2.3.1"
  checksum: de17a98d4614481f7fcb5cd53ffc1aaf8654313be0291e1bfaee4b4bb31a20494b7d218ff2e15017883e8ea9626599b3b0e0229c18383ba9dce89da2adf15cb9
  languageName: node
  linkType: hard

"type-fest@npm:^0.21.3":
  version: 0.21.3
  resolution: "type-fest@npm:0.21.3"
  checksum: e6b32a3b3877f04339bae01c193b273c62ba7bfc9e325b8703c4ee1b32dc8fe4ef5dfa54bf78265e069f7667d058e360ae0f37be5af9f153b22382cd55a9afe0
  languageName: node
  linkType: hard

"typescript@npm:4.6.2":
  version: 4.6.2
  resolution: "typescript@npm:4.6.2"
  bin:
    tsc: bin/tsc
    tsserver: bin/tsserver
  checksum: 8a44ed7e6f6c4cb1ebe8cf236ecda2fb119d84dcf0fbd77e707b2dfea1bbcfc4e366493a143513ce7f57203c75da9d4e20af6fe46de89749366351046be7577c
  languageName: node
  linkType: hard

"typescript@npm:^5.0.2, typescript@npm:^5.0.3, typescript@npm:^5.0.4":
  version: 5.0.4
  resolution: "typescript@npm:5.0.4"
  bin:
    tsc: bin/tsc
    tsserver: bin/tsserver
  checksum: 82b94da3f4604a8946da585f7d6c3025fff8410779e5bde2855ab130d05e4fd08938b9e593b6ebed165bda6ad9292b230984f10952cf82f0a0ca07bbeaa08172
  languageName: node
  linkType: hard

"typescript@patch:typescript@4.6.2#~builtin<compat/typescript>":
  version: 4.6.2
  resolution: "typescript@patch:typescript@npm%3A4.6.2#~builtin<compat/typescript>::version=4.6.2&hash=5d3a66"
  bin:
    tsc: bin/tsc
    tsserver: bin/tsserver
  checksum: 40b493a71747fb89fa70df104e2c4a5e284b43750af5bea024090a5261cefa387f7a9372411b13030f7bf5555cee4275443d08805642ae5c74ef76740854a4c7
  languageName: node
  linkType: hard

"typescript@patch:typescript@^5.0.2#~builtin<compat/typescript>, typescript@patch:typescript@^5.0.3#~builtin<compat/typescript>, typescript@patch:typescript@^5.0.4#~builtin<compat/typescript>":
  version: 5.0.4
  resolution: "typescript@patch:typescript@npm%3A5.0.4#~builtin<compat/typescript>::version=5.0.4&hash=85af82"
  bin:
    tsc: bin/tsc
    tsserver: bin/tsserver
  checksum: bb309d320c59a26565fb3793dba550576ab861018ff3fd1b7fccabbe46ae4a35546bc45f342c0a0b6f265c801ccdf64ffd68f548f117ceb7f0eac4b805cd52a9
  languageName: node
  linkType: hard

"universalify@npm:^2.0.0":
  version: 2.0.0
  resolution: "universalify@npm:2.0.0"
  checksum: 2406a4edf4a8830aa6813278bab1f953a8e40f2f63a37873ffa9a3bc8f9745d06cc8e88f3572cb899b7e509013f7f6fcc3e37e8a6d914167a5381d8440518c44
  languageName: node
  linkType: hard

"util-deprecate@npm:^1.0.1":
  version: 1.0.2
  resolution: "util-deprecate@npm:1.0.2"
  checksum: 474acf1146cb2701fe3b074892217553dfcf9a031280919ba1b8d651a068c9b15d863b7303cb15bd00a862b498e6cf4ad7b4a08fb134edd5a6f7641681cb54a2
  languageName: node
  linkType: hard

"v8-compile-cache-lib@npm:^3.0.1":
  version: 3.0.1
  resolution: "v8-compile-cache-lib@npm:3.0.1"
  checksum: 78089ad549e21bcdbfca10c08850022b22024cdcc2da9b168bcf5a73a6ed7bf01a9cebb9eac28e03cd23a684d81e0502797e88f3ccd27a32aeab1cfc44c39da0
  languageName: node
  linkType: hard

"wcwidth@npm:^1.0.1":
  version: 1.0.1
  resolution: "wcwidth@npm:1.0.1"
  dependencies:
    defaults: ^1.0.3
  checksum: 814e9d1ddcc9798f7377ffa448a5a3892232b9275ebb30a41b529607691c0491de47cba426e917a4d08ded3ee7e9ba2f3fe32e62ee3cd9c7d3bafb7754bd553c
  languageName: node
  linkType: hard

"web-vitals@npm:^3.3.1":
  version: 3.3.1
  resolution: "web-vitals@npm:3.3.1"
  checksum: ff417dec2d77f57bc5130767f47aad6f93173e5d0e24a179082c7dca423850106ba1d66c737f91400a6bed6585a7295531d9e54354d1cb31d1a3e68596bb2000
  languageName: node
  linkType: hard

"wrap-ansi@npm:^7.0.0":
  version: 7.0.0
  resolution: "wrap-ansi@npm:7.0.0"
  dependencies:
    ansi-styles: ^4.0.0
    string-width: ^4.1.0
    strip-ansi: ^6.0.0
  checksum: a790b846fd4505de962ba728a21aaeda189b8ee1c7568ca5e817d85930e06ef8d1689d49dbf0e881e8ef84436af3a88bc49115c2e2788d841ff1b8b5b51a608b
  languageName: node
  linkType: hard

"yn@npm:3.1.1":
  version: 3.1.1
  resolution: "yn@npm:3.1.1"
  checksum: 2c487b0e149e746ef48cda9f8bad10fc83693cd69d7f9dcd8be4214e985de33a29c9e24f3c0d6bcf2288427040a8947406ab27f7af67ee9456e6b84854f02dd6
  languageName: node
  linkType: hard
